
Microsoft Visual Studio Solution File, Format Version 9.00
# Visual Studio 2005
Project("{FAE04EC0-301F-11D3-BF4B-00C04F79EFBC}") = "Clarks.SAP.Connector", "Clarks.SAP.Connector.csproj", "{C4BC9B2F-4215-46E9-96D8-7199E06267A8}"
EndProject
Project("{FAE04EC0-301F-11D3-BF4B-00C04F79EFBC}") = "Tester", "Tester\Tester.csproj", "{34236573-DC9E-41A5-85F9-A3DE96F39B5D}"
EndProject
Global
	GlobalSection(SourceCodeControl) = preSolution
		SccNumberOfProjects = 3
		SccLocalPath0 = .
		SccProjectUniqueName1 = Clarks.SAP.Connector.csproj
		SccLocalPath1 = .
		SccProjectUniqueName2 = Tester\\Tester.csproj
		SccLocalPath2 = .
		SccProjectFilePathRelativizedFromConnection2 = Tester\\
	EndGlobalSection
	GlobalSection(SolutionConfigurationPlatforms) = preSolution
		Debug|Any CPU = Debug|Any CPU
		Release|Any CPU = Release|Any CPU
	EndGlobalSection
	GlobalSection(ProjectConfigurationPlatforms) = postSolution
		{C4BC9B2F-4215-46E9-96D8-7199E06267A8}.Debug|Any CPU.ActiveCfg = Debug|Any CPU
		{C4BC9B2F-4215-46E9-96D8-7199E06267A8}.Debug|Any CPU.Build.0 = Debug|Any CPU
		{C4BC9B2F-4215-46E9-96D8-7199E06267A8}.Release|Any CPU.ActiveCfg = Release|Any CPU
		{C4BC9B2F-4215-46E9-96D8-7199E06267A8}.Release|Any CPU.Build.0 = Release|Any CPU
		{34236573-DC9E-41A5-85F9-A3DE96F39B5D}.Debug|Any CPU.ActiveCfg = Debug|Any CPU
		{34236573-DC9E-41A5-85F9-A3DE96F39B5D}.Debug|Any CPU.Build.0 = Debug|Any CPU
		{34236573-DC9E-41A5-85F9-A3DE96F39B5D}.Release|Any CPU.ActiveCfg = Release|Any CPU
		{34236573-DC9E-41A5-85F9-A3DE96F39B5D}.Release|Any CPU.Build.0 = Release|Any CPU
	EndGlobalSection
	GlobalSection(SolutionProperties) = preSolution
		HideSolutionNode = FALSE
	EndGlobalSection
EndGlobal
